
Microsoft Visual Studio Solution File, Format Version 12.00
# Visual Studio 15
VisualStudioVersion = 15.0.27130.2036
MinimumVisualStudioVersion = 10.0.40219.1
Project("{FAE04EC0-301F-11D3-BF4B-00C04F79EFBC}") = "Ksu.Cis300.MaximumOutgoingSum", "Ksu.Cis300.MaximumOutgoingSum\Ksu.Cis300.MaximumOutgoingSum.csproj", "{88554601-AFD1-4CD6-9718-60F8B49E716B}"
EndProject
Global
	GlobalSection(SolutionConfigurationPlatforms) = preSolution
		Debug|Any CPU = Debug|Any CPU
		Release|Any CPU = Release|Any CPU
	EndGlobalSection
	GlobalSection(ProjectConfigurationPlatforms) = postSolution
		{88554601-AFD1-4CD6-9718-60F8B49E716B}.Debug|Any CPU.ActiveCfg = Debug|Any CPU
		{88554601-AFD1-4CD6-9718-60F8B49E716B}.Debug|Any CPU.Build.0 = Debug|Any CPU
		{88554601-AFD1-4CD6-9718-60F8B49E716B}.Release|Any CPU.ActiveCfg = Release|Any CPU
		{88554601-AFD1-4CD6-9718-60F8B49E716B}.Release|Any CPU.Build.0 = Release|Any CPU
	EndGlobalSection
	GlobalSection(SolutionProperties) = preSolution
		HideSolutionNode = FALSE
	EndGlobalSection
	GlobalSection(ExtensibilityGlobals) = postSolution
		SolutionGuid = {CAC8F20D-5DF6-4510-9D81-CE433E7AA0C6}
	EndGlobalSection
EndGlobal
